// !$*UTF8*$!
{
	archiveVersion = 1;
	classes = {
	};
	objectVersion = 77;
	objects = {

/* Begin PBXContainerItemProxy section */
		20FAC28A2E9A61AB00AAA859 /* PBXContainerItemProxy */ = {
			isa = PBXContainerItemProxy;
			containerPortal = 20FAC2742E9A61A900AAA859 /* Project object */;
			proxyType = 1;
			remoteGlobalIDString = 20FAC27B2E9A61A900AAA859;
			remoteInfo = MurderMysteryTimer;
		};
		20FAC2942E9A61AB00AAA859 /* PBXContainerItemProxy */ = {
			isa = PBXContainerItemProxy;
			containerPortal = 20FAC2742E9A61A900AAA859 /* Project object */;
			proxyType = 1;
			remoteGlobalIDString = 20FAC27B2E9A61A900AAA859;
			remoteInfo = MurderMysteryTimer;
		};
/* End PBXContainerItemProxy section */

/* Begin PBXFileReference section */
		20FAC27C2E9A61A900AAA859 /* MurderMysteryTimer.app */ = {isa = PBXFileReference; explicitFileType = wrapper.application; includeInIndex = 0; path = MurderMysteryTimer.app; sourceTree = BUILT_PRODUCTS_DIR; };
		20FAC2892E9A61AB00AAA859 /* MurderMysteryTimerTests.xctest */ = {isa = PBXFileReference; explicitFileType = wrapper.cfbundle; includeInIndex = 0; path = MurderMysteryTimerTests.xctest; sourceTree = BUILT_PRODUCTS_DIR; };
		20FAC2932E9A61AB00AAA859 /* MurderMysteryTimerUITests.xctest */ = {isa = PBXFileReference; explicitFileType = wrapper.cfbundle; includeInIndex = 0; path = MurderMysteryTimerUITests.xctest; sourceTree = BUILT_PRODUCTS_DIR; };
/* End PBXFileReference section */

/* Begin PBXFileSystemSynchronizedRootGroup section */
		20FAC27E2E9A61A900AAA859 /* MurderMysteryTimer */ = {
			isa = PBXFileSystemSynchronizedRootGroup;
			path = MurderMysteryTimer;
			sourceTree = "<group>";
		};
		20FAC28C2E9A61AB00AAA859 /* MurderMysteryTimerTests */ = {
			isa = PBXFileSystemSynchronizedRootGroup;
			path = MurderMysteryTimerTests;
			sourceTree = "<group>";
		};
		20FAC2962E9A61AB00AAA859 /* MurderMysteryTimerUITests */ = {
			isa = PBXFileSystemSynchronizedRootGroup;
			path = MurderMysteryTimerUITests;
			sourceTree = "<group>";
		};
/* End PBXFileSystemSynchronizedRootGroup section */

/* Begin PBXFrameworksBuildPhase section */
		20FAC2792E9A61A900AAA859 /* Frameworks */ = {
			isa = PBXFrameworksBuildPhase;
			buildActionMask = 2147483647;
			files = (
			);
			runOnlyForDeploymentPostprocessing = 0;
		};
		20FAC2862E9A61AB00AAA859 /* Frameworks */ = {
			isa = PBXFrameworksBuildPhase;
			buildActionMask = 2147483647;
			files = (
			);
			runOnlyForDeploymentPostprocessing = 0;
		};
		20FAC2902E9A61AB00AAA859 /* Frameworks */ = {
			isa = PBXFrameworksBuildPhase;
			buildActionMask = 2147483647;
			files = (
			);
			runOnlyForDeploymentPostprocessing = 0;
		};
/* End PBXFrameworksBuildPhase section */

/* Begin PBXGroup section */
		20FAC2732E9A61A900AAA859 = {
			isa = PBXGroup;
			children = (
				20FAC27E2E9A61A900AAA859 /* MurderMysteryTimer */,
				20FAC28C2E9A61AB00AAA859 /* MurderMysteryTimerTests */,
				20FAC2962E9A61AB00AAA859 /* MurderMysteryTimerUITests */,
				20FAC27D2E9A61A900AAA859 /* Products */,
			);
			sourceTree = "<group>";
		};
		20FAC27D2E9A61A900AAA859 /* Products */ = {
			isa = PBXGroup;
			children = (
				20FAC27C2E9A61A900AAA859 /* MurderMysteryTimer.app */,
				20FAC2892E9A61AB00AAA859 /* MurderMysteryTimerTests.xctest */,
				20FAC2932E9A61AB00AAA859 /* MurderMysteryTimerUITests.xctest */,
			);
			name = Products;
			sourceTree = "<group>";
		};
/* End PBXGroup section */

/* Begin PBXNativeTarget section */
		20FAC27B2E9A61A900AAA859 /* MurderMysteryTimer */ = {
			isa = PBXNativeTarget;
			buildConfigurationList = 20FAC29D2E9A61AB00AAA859 /* Build configuration list for PBXNativeTarget "MurderMysteryTimer" */;
			buildPhases = (
				20FAC2782E9A61A900AAA859 /* Sources */,
				20FAC2792E9A61A900AAA859 /* Frameworks */,
				20FAC27A2E9A61A900AAA859 /* Resources */,
			);
			buildRules = (
			);
			dependencies = (
			);
			fileSystemSynchronizedGroups = (
				20FAC27E2E9A61A900AAA859 /* MurderMysteryTimer */,
			);
			name = MurderMysteryTimer;
			packageProductDependencies = (
			);
			productName = MurderMysteryTimer;
			productReference = 20FAC27C2E9A61A900AAA859 /* MurderMysteryTimer.app */;
			productType = "com.apple.product-type.application";
		};
		20FAC2882E9A61AB00AAA859 /* MurderMysteryTimerTests */ = {
			isa = PBXNativeTarget;
			buildConfigurationList = 20FAC2A02E9A61AB00AAA859 /* Build configuration list for PBXNativeTarget "MurderMysteryTimerTests" */;
			buildPhases = (
				20FAC2852E9A61AB00AAA859 /* Sources */,
				20FAC2862E9A61AB00AAA859 /* Frameworks */,
				20FAC2872E9A61AB00AAA859 /* Resources */,
			);
			buildRules = (
			);
			dependencies = (
				20FAC28B2E9A61AB00AAA859 /* PBXTargetDependency */,
			);
			fileSystemSynchronizedGroups = (
				20FAC28C2E9A61AB00AAA859 /* MurderMysteryTimerTests */,
			);
			name = MurderMysteryTimerTests;
			packageProductDependencies = (
			);
			productName = MurderMysteryTimerTests;
			productReference = 20FAC2892E9A61AB00AAA859 /* MurderMysteryTimerTests.xctest */;
			productType = "com.apple.product-type.bundle.unit-test";
		};
		20FAC2922E9A61AB00AAA859 /* MurderMysteryTimerUITests */ = {
			isa = PBXNativeTarget;
			buildConfigurationList = 20FAC2A32E9A61AB00AAA859 /* Build configuration list for PBXNativeTarget "MurderMysteryTimerUITests" */;
			buildPhases = (
				20FAC28F2E9A61AB00AAA859 /* Sources */,
				20FAC2902E9A61AB00AAA859 /* Frameworks */,
				20FAC2912E9A61AB00AAA859 /* Resources */,
			);
			buildRules = (
			);
			dependencies = (
				20FAC2952E9A61AB00AAA859 /* PBXTargetDependency */,
			);
			fileSystemSynchronizedGroups = (
				20FAC2962E9A61AB00AAA859 /* MurderMysteryTimerUITests */,
			);
			name = MurderMysteryTimerUITests;
			packageProductDependencies = (
			);
			productName = MurderMysteryTimerUITests;
			productReference = 20FAC2932E9A61AB00AAA859 /* MurderMysteryTimerUITests.xctest */;
			productType = "com.apple.product-type.bundle.ui-testing";
		};
/* End PBXNativeTarget section */

/* Begin PBXProject section */
		20FAC2742E9A61A900AAA859 /* Project object */ = {
			isa = PBXProject;
			attributes = {
				BuildIndependentTargetsInParallel = 1;
				LastSwiftUpdateCheck = 2600;
				LastUpgradeCheck = 2610;
				TargetAttributes = {
					20FAC27B2E9A61A900AAA859 = {
						CreatedOnToolsVersion = 26.0.1;
					};
					20FAC2882E9A61AB00AAA859 = {
						CreatedOnToolsVersion = 26.0.1;
						TestTargetID = 20FAC27B2E9A61A900AAA859;
					};
					20FAC2922E9A61AB00AAA859 = {
						CreatedOnToolsVersion = 26.0.1;
						TestTargetID = 20FAC27B2E9A61A900AAA859;
					};
				};
			};
			buildConfigurationList = 20FAC2772E9A61A900AAA859 /* Build configuration list for PBXProject "MurderMysteryTimer" */;
			developmentRegion = en;
			hasScannedForEncodings = 0;
			knownRegions = (
				en,
				Base,
			);
			mainGroup = 20FAC2732E9A61A900AAA859;
			minimizedProjectReferenceProxies = 1;
			preferredProjectObjectVersion = 77;
			productRefGroup = 20FAC27D2E9A61A900AAA859 /* Products */;
			projectDirPath = "";
			projectRoot = "";
			targets = (
				20FAC27B2E9A61A900AAA859 /* MurderMysteryTimer */,
				20FAC2882E9A61AB00AAA859 /* MurderMysteryTimerTests */,
				20FAC2922E9A61AB00AAA859 /* MurderMysteryTimerUITests */,
			);
		};
/* End PBXProject section */

/* Begin PBXResourcesBuildPhase section */
		20FAC27A2E9A61A900AAA859 /* Resources */ = {
			isa = PBXResourcesBuildPhase;
			buildActionMask = 2147483647;
			files = (
			);
			runOnlyForDeploymentPostprocessing = 0;
		};
		20FAC2872E9A61AB00AAA859 /* Resources */ = {
			isa = PBXResourcesBuildPhase;
			buildActionMask = 2147483647;
			files = (
			);
			runOnlyForDeploymentPostprocessing = 0;
		};
		20FAC2912E9A61AB00AAA859 /* Resources */ = {
			isa = PBXResourcesBuildPhase;
			buildActionMask = 2147483647;
			files = (
			);
			runOnlyForDeploymentPostprocessing = 0;
		};
/* End PBXResourcesBuildPhase section */

/* Begin PBXSourcesBuildPhase section */
		20FAC2782E9A61A900AAA859 /* Sources */ = {
			isa = PBXSourcesBuildPhase;
			buildActionMask = 2147483647;
			files = (
			);
			runOnlyForDeploymentPostprocessing = 0;
		};
		20FAC2852E9A61AB00AAA859 /* Sources */ = {
			isa = PBXSourcesBuildPhase;
			buildActionMask = 2147483647;
			files = (
			);
			runOnlyForDeploymentPostprocessing = 0;
		};
		20FAC28F2E9A61AB00AAA859 /* Sources */ = {
			isa = PBXSourcesBuildPhase;
			buildActionMask = 2147483647;
			files = (
			);
			runOnlyForDeploymentPostprocessing = 0;
		};
/* End PBXSourcesBuildPhase section */

/* Begin PBXTargetDependency section */
		20FAC28B2E9A61AB00AAA859 /* PBXTargetDependency */ = {
			isa = PBXTargetDependency;
			target = 20FAC27B2E9A61A900AAA859 /* MurderMysteryTimer */;
			targetProxy = 20FAC28A2E9A61AB00AAA859 /* PBXContainerItemProxy */;
		};
		20FAC2952E9A61AB00AAA859 /* PBXTargetDependency */ = {
			isa = PBXTargetDependency;
			target = 20FAC27B2E9A61A900AAA859 /* MurderMysteryTimer */;
			targetProxy = 20FAC2942E9A61AB00AAA859 /* PBXContainerItemProxy */;
		};
/* End PBXTargetDependency section */

/* Begin XCBuildConfiguration section */
		20FAC29B2E9A61AB00AAA859 /* Debug */ = {
			isa = XCBuildConfiguration;
			buildSettings = {
				ALWAYS_SEARCH_USER_PATHS = NO;
				ASSETCATALOG_COMPILER_GENERATE_SWIFT_ASSET_SYMBOL_EXTENSIONS = YES;
				CLANG_ANALYZER_NONNULL = YES;
				CLANG_ANALYZER_NUMBER_OBJECT_CONVERSION = YES_AGGRESSIVE;
				CLANG_CXX_LANGUAGE_STANDARD = "gnu++20";
				CLANG_ENABLE_MODULES = YES;
				CLANG_ENABLE_OBJC_ARC = YES;
				CLANG_ENABLE_OBJC_WEAK = YES;
				CLANG_WARN_BLOCK_CAPTURE_AUTORELEASING = YES;
				CLANG_WARN_BOOL_CONVERSION = YES;
				CLANG_WARN_COMMA = YES;
				CLANG_WARN_CONSTANT_CONVERSION = YES;
				CLANG_WARN_DEPRECATED_OBJC_IMPLEMENTATIONS = YES;
				CLANG_WARN_DIRECT_OBJC_ISA_USAGE = YES_ERROR;
				CLANG_WARN_DOCUMENTATION_COMMENTS = YES;
				CLANG_WARN_EMPTY_BODY = YES;
				CLANG_WARN_ENUM_CONVERSION = YES;
				CLANG_WARN_INFINITE_RECURSION = YES;
				CLANG_WARN_INT_CONVERSION = YES;
				CLANG_WARN_NON_LITERAL_NULL_CONVERSION = YES;
				CLANG_WARN_OBJC_IMPLICIT_RETAIN_SELF = YES;
				CLANG_WARN_OBJC_LITERAL_CONVERSION = YES;
				CLANG_WARN_OBJC_ROOT_CLASS = YES_ERROR;
				CLANG_WARN_QUOTED_INCLUDE_IN_FRAMEWORK_HEADER = YES;
				CLANG_WARN_RANGE_LOOP_ANALYSIS = YES;
				CLANG_WARN_STRICT_PROTOTYPES = YES;
				CLANG_WARN_SUSPICIOUS_MOVE = YES;
				CLANG_WARN_UNGUARDED_AVAILABILITY = YES_AGGRESSIVE;
				CLANG_WARN_UNREACHABLE_CODE = YES;
				CLANG_WARN__DUPLICATE_METHOD_MATCH = YES;
				COPY_PHASE_STRIP = NO;
				DEBUG_INFORMATION_FORMAT = dwarf;
				ENABLE_STRICT_OBJC_MSGSEND = YES;
				ENABLE_TESTABILITY = YES;
				ENABLE_USER_SCRIPT_SANDBOXING = YES;
				GCC_C_LANGUAGE_STANDARD = gnu17;
				GCC_DYNAMIC_NO_PIC = NO;
				GCC_NO_COMMON_BLOCKS = YES;
				GCC_OPTIMIZATION_LEVEL = 0;
				GCC_PREPROCESSOR_DEFINITIONS = (
					"DEBUG=1",
					"$(inherited)",
				);
				GCC_WARN_64_TO_32_BIT_CONVERSION = YES;
				GCC_WARN_ABOUT_RETURN_TYPE = YES_ERROR;
				GCC_WARN_UNDECLARED_SELECTOR = YES;
				GCC_WARN_UNINITIALIZED_AUTOS = YES_AGGRESSIVE;
				GCC_WARN_UNUSED_FUNCTION = YES;
				GCC_WARN_UNUSED_VARIABLE = YES;
				IPHONEOS_DEPLOYMENT_TARGET = 26.0;
				LOCALIZATION_PREFERS_STRING_CATALOGS = YES;
				MTL_ENABLE_DEBUG_INFO = INCLUDE_SOURCE;
				MTL_FAST_MATH = YES;
				ONLY_ACTIVE_ARCH = YES;
				SDKROOT = iphoneos;
				STRING_CATALOG_GENERATE_SYMBOLS = YES;
				SWIFT_ACTIVE_COMPILATION_CONDITIONS = "DEBUG $(inherited)";
				SWIFT_OPTIMIZATION_LEVEL = "-Onone";
			};
			name = Debug;
		};
		20FAC29C2E9A61AB00AAA859 /* Release */ = {
			isa = XCBuildConfiguration;
			buildSettings = {
				ALWAYS_SEARCH_USER_PATHS = NO;
				ASSETCATALOG_COMPILER_GENERATE_SWIFT_ASSET_SYMBOL_EXTENSIONS = YES;
				CLANG_ANALYZER_NONNULL = YES;
				CLANG_ANALYZER_NUMBER_OBJECT_CONVERSION = YES_AGGRESSIVE;
				CLANG_CXX_LANGUAGE_STANDARD = "gnu++20";
				CLANG_ENABLE_MODULES = YES;
				CLANG_ENABLE_OBJC_ARC = YES;
				CLANG_ENABLE_OBJC_WEAK = YES;
				CLANG_WARN_BLOCK_CAPTURE_AUTORELEASING = YES;
				CLANG_WARN_BOOL_CONVERSION = YES;
				CLANG_WARN_COMMA = YES;
				CLANG_WARN_CONSTANT_CONVERSION = YES;
				CLANG_WARN_DEPRECATED_OBJC_IMPLEMENTATIONS = YES;
				CLANG_WARN_DIRECT_OBJC_ISA_USAGE = YES_ERROR;
				CLANG_WARN_DOCUMENTATION_COMMENTS = YES;
				CLANG_WARN_EMPTY_BODY = YES;
				CLANG_WARN_ENUM_CONVERSION = YES;
				CLANG_WARN_INFINITE_RECURSION = YES;
				CLANG_WARN_INT_CONVERSION = YES;
				CLANG_WARN_NON_LITERAL_NULL_CONVERSION = YES;
				CLANG_WARN_OBJC_IMPLICIT_RETAIN_SELF = YES;
				CLANG_WARN_OBJC_LITERAL_CONVERSION = YES;
				CLANG_WARN_OBJC_ROOT_CLASS = YES_ERROR;
				CLANG_WARN_QUOTED_INCLUDE_IN_FRAMEWORK_HEADER = YES;
				CLANG_WARN_RANGE_LOOP_ANALYSIS = YES;
				CLANG_WARN_STRICT_PROTOTYPES = YES;
				CLANG_WARN_SUSPICIOUS_MOVE = YES;
				CLANG_WARN_UNGUARDED_AVAILABILITY = YES_AGGRESSIVE;
				CLANG_WARN_UNREACHABLE_CODE = YES;
				CLANG_WARN__DUPLICATE_METHOD_MATCH = YES;
				COPY_PHASE_STRIP = NO;
				DEBUG_INFORMATION_FORMAT = "dwarf-with-dsym";
				ENABLE_NS_ASSERTIONS = NO;
				ENABLE_STRICT_OBJC_MSGSEND = YES;
				ENABLE_USER_SCRIPT_SANDBOXING = YES;
				GCC_C_LANGUAGE_STANDARD = gnu17;
				GCC_NO_COMMON_BLOCKS = YES;
				GCC_WARN_64_TO_32_BIT_CONVERSION = YES;
				GCC_WARN_ABOUT_RETURN_TYPE = YES_ERROR;
				GCC_WARN_UNDECLARED_SELECTOR = YES;
				GCC_WARN_UNINITIALIZED_AUTOS = YES_AGGRESSIVE;
				GCC_WARN_UNUSED_FUNCTION = YES;
				GCC_WARN_UNUSED_VARIABLE = YES;
				IPHONEOS_DEPLOYMENT_TARGET = 26.0;
				LOCALIZATION_PREFERS_STRING_CATALOGS = YES;
				MTL_ENABLE_DEBUG_INFO = NO;
				MTL_FAST_MATH = YES;
				SDKROOT = iphoneos;
				STRING_CATALOG_GENERATE_SYMBOLS = YES;
				SWIFT_COMPILATION_MODE = wholemodule;
				VALIDATE_PRODUCT = YES;
			};
			name = Release;
		};
		20FAC29E2E9A61AB00AAA859 /* Debug */ = {
			isa = XCBuildConfiguration;
			buildSettings = {
				ASSETCATALOG_COMPILER_APPICON_NAME = AppIcon;
				ASSETCATALOG_COMPILER_GLOBAL_ACCENT_COLOR_NAME = AccentColor;
				CODE_SIGN_STYLE = Automatic;
				CURRENT_PROJECT_VERSION = 1;
				ENABLE_PREVIEWS = YES;
				GENERATE_INFOPLIST_FILE = YES;
				INFOPLIST_KEY_UIApplicationSceneManifest_Generation = YES;
				INFOPLIST_KEY_UIApplicationSupportsIndirectInputEvents = YES;
				INFOPLIST_KEY_UILaunchScreen_Generation = YES;
				INFOPLIST_KEY_UISupportedInterfaceOrientations_iPad = "UIInterfaceOrientationPortrait UIInterfaceOrientationPortraitUpsideDown UIInterfaceOrientationLandscapeLeft UIInterfaceOrientationLandscapeRight";
				INFOPLIST_KEY_UISupportedInterfaceOrientations_iPhone = "UIInterfaceOrientationPortrait UIInterfaceOrientationLandscapeLeft UIInterfaceOrientationLandscapeRight";
				LD_RUNPATH_SEARCH_PATHS = (
					"$(inherited)",
					"@executable_path/Frameworks",
				);
				MARKETING_VERSION = 1.0;
				PRODUCT_BUNDLE_IDENTIFIER = com.yourcompany.MurderMysteryTimer;
				PRODUCT_NAME = "$(TARGET_NAME)";
				STRING_CATALOG_GENERATE_SYMBOLS = YES;
				SWIFT_APPROACHABLE_CONCURRENCY = YES;
				SWIFT_DEFAULT_ACTOR_ISOLATION = MainActor;
				SWIFT_EMIT_LOC_STRINGS = YES;
				SWIFT_UPCOMING_FEATURE_MEMBER_IMPORT_VISIBILITY = YES;
				SWIFT_VERSION = 5.0;
				TARGETED_DEVICE_FAMILY = "1,2";
			};
			name = Debug;
		};
		20FAC29F2E9A61AB00AAA859 /* Release */ = {
			isa = XCBuildConfiguration;
			buildSettings = {
				ASSETCATALOG_COMPILER_APPICON_NAME = AppIcon;
				ASSETCATALOG_COMPILER_GLOBAL_ACCENT_COLOR_NAME = AccentColor;
				CODE_SIGN_STYLE = Automatic;
				CURRENT_PROJECT_VERSION = 1;
				ENABLE_PREVIEWS = YES;
				GENERATE_INFOPLIST_FILE = YES;
				INFOPLIST_KEY_UIApplicationSceneManifest_Generation = YES;
				INFOPLIST_KEY_UIApplicationSupportsIndirectInputEvents = YES;
				INFOPLIST_KEY_UILaunchScreen_Generation = YES;
				INFOPLIST_KEY_UISupportedInterfaceOrientations_iPad = "UIInterfaceOrientationPortrait UIInterfaceOrientationPortraitUpsideDown UIInterfaceOrientationLandscapeLeft UIInterfaceOrientationLandscapeRight";
				INFOPLIST_KEY_UISupportedInterfaceOrientations_iPhone = "UIInterfaceOrientationPortrait UIInterfaceOrientationLandscapeLeft UIInterfaceOrientationLandscapeRight";
				LD_RUNPATH_SEARCH_PATHS = (
					"$(inherited)",
					"@executable_path/Frameworks",
				);
				MARKETING_VERSION = 1.0;
				PRODUCT_BUNDLE_IDENTIFIER = com.yourcompany.MurderMysteryTimer;
				PRODUCT_NAME = "$(TARGET_NAME)";
				STRING_CATALOG_GENERATE_SYMBOLS = YES;
				SWIFT_APPROACHABLE_CONCURRENCY = YES;
				SWIFT_DEFAULT_ACTOR_ISOLATION = MainActor;
				SWIFT_EMIT_LOC_STRINGS = YES;
				SWIFT_UPCOMING_FEATURE_MEMBER_IMPORT_VISIBILITY = YES;
				SWIFT_VERSION = 5.0;
				TARGETED_DEVICE_FAMILY = "1,2";
			};
			name = Release;
		};
		20FAC2A12E9A61AB00AAA859 /* Debug */ = {
			isa = XCBuildConfiguration;
			buildSettings = {
				BUNDLE_LOADER = "$(TEST_HOST)";
				CODE_SIGN_STYLE = Automatic;
				CURRENT_PROJECT_VERSION = 1;
				GENERATE_INFOPLIST_FILE = YES;
				IPHONEOS_DEPLOYMENT_TARGET = 26.0;
				MARKETING_VERSION = 1.0;
				PRODUCT_BUNDLE_IDENTIFIER = com.yourcompany.MurderMysteryTimerTests;
				PRODUCT_NAME = "$(TARGET_NAME)";
				STRING_CATALOG_GENERATE_SYMBOLS = NO;
				SWIFT_APPROACHABLE_CONCURRENCY = YES;
				SWIFT_EMIT_LOC_STRINGS = NO;
				SWIFT_UPCOMING_FEATURE_MEMBER_IMPORT_VISIBILITY = YES;
				SWIFT_VERSION = 5.0;
				TARGETED_DEVICE_FAMILY = "1,2";
				TEST_HOST = "$(BUILT_PRODUCTS_DIR)/MurderMysteryTimer.app/$(BUNDLE_EXECUTABLE_FOLDER_PATH)/MurderMysteryTimer";
			};
			name = Debug;
		};
		20FAC2A22E9A61AB00AAA859 /* Release */ = {
			isa = XCBuildConfiguration;
			buildSettings = {
				BUNDLE_LOADER = "$(TEST_HOST)";
				CODE_SIGN_STYLE = Automatic;
				CURRENT_PROJECT_VERSION = 1;
				GENERATE_INFOPLIST_FILE = YES;
				IPHONEOS_DEPLOYMENT_TARGET = 26.0;
				MARKETING_VERSION = 1.0;
				PRODUCT_BUNDLE_IDENTIFIER = com.yourcompany.MurderMysteryTimerTests;
				PRODUCT_NAME = "$(TARGET_NAME)";
				STRING_CATALOG_GENERATE_SYMBOLS = NO;
				SWIFT_APPROACHABLE_CONCURRENCY = YES;
				SWIFT_EMIT_LOC_STRINGS = NO;
				SWIFT_UPCOMING_FEATURE_MEMBER_IMPORT_VISIBILITY = YES;
				SWIFT_VERSION = 5.0;
				TARGETED_DEVICE_FAMILY = "1,2";
				TEST_HOST = "$(BUILT_PRODUCTS_DIR)/MurderMysteryTimer.app/$(BUNDLE_EXECUTABLE_FOLDER_PATH)/MurderMysteryTimer";
			};
			name = Release;
		};
		20FAC2A42E9A61AB00AAA859 /* Debug */ = {
			isa = XCBuildConfiguration;
			buildSettings = {
				CODE_SIGN_STYLE = Automatic;
				CURRENT_PROJECT_VERSION = 1;
				GENERATE_INFOPLIST_FILE = YES;
				MARKETING_VERSION = 1.0;
				PRODUCT_BUNDLE_IDENTIFIER = com.yourcompany.MurderMysteryTimerUITests;
				PRODUCT_NAME = "$(TARGET_NAME)";
				STRING_CATALOG_GENERATE_SYMBOLS = NO;
				SWIFT_APPROACHABLE_CONCURRENCY = YES;
				SWIFT_EMIT_LOC_STRINGS = NO;
				SWIFT_UPCOMING_FEATURE_MEMBER_IMPORT_VISIBILITY = YES;
				SWIFT_VERSION = 5.0;
				TARGETED_DEVICE_FAMILY = "1,2";
				TEST_TARGET_NAME = MurderMysteryTimer;
			};
			name = Debug;
		};
		20FAC2A52E9A61AB00AAA859 /* Release */ = {
			isa = XCBuildConfiguration;
			buildSettings = {
				CODE_SIGN_STYLE = Automatic;
				CURRENT_PROJECT_VERSION = 1;
				GENERATE_INFOPLIST_FILE = YES;
				MARKETING_VERSION = 1.0;
				PRODUCT_BUNDLE_IDENTIFIER = com.yourcompany.MurderMysteryTimerUITests;
				PRODUCT_NAME = "$(TARGET_NAME)";
				STRING_CATALOG_GENERATE_SYMBOLS = NO;
				SWIFT_APPROACHABLE_CONCURRENCY = YES;
				SWIFT_EMIT_LOC_STRINGS = NO;
				SWIFT_UPCOMING_FEATURE_MEMBER_IMPORT_VISIBILITY = YES;
				SWIFT_VERSION = 5.0;
				TARGETED_DEVICE_FAMILY = "1,2";
				TEST_TARGET_NAME = MurderMysteryTimer;
			};
			name = Release;
		};
/* End XCBuildConfiguration section */

/* Begin XCConfigurationList section */
		20FAC2772E9A61A900AAA859 /* Build configuration list for PBXProject "MurderMysteryTimer" */ = {
			isa = XCConfigurationList;
			buildConfigurations = (
				20FAC29B2E9A61AB00AAA859 /* Debug */,
				20FAC29C2E9A61AB00AAA859 /* Release */,
			);
			defaultConfigurationIsVisible = 0;
			defaultConfigurationName = Release;
		};
		20FAC29D2E9A61AB00AAA859 /* Build configuration list for PBXNativeTarget "MurderMysteryTimer" */ = {
			isa = XCConfigurationList;
			buildConfigurations = (
				20FAC29E2E9A61AB00AAA859 /* Debug */,
				20FAC29F2E9A61AB00AAA859 /* Release */,
			);
			defaultConfigurationIsVisible = 0;
			defaultConfigurationName = Release;
		};
		20FAC2A02E9A61AB00AAA859 /* Build configuration list for PBXNativeTarget "MurderMysteryTimerTests" */ = {
			isa = XCConfigurationList;
			buildConfigurations = (
				20FAC2A12E9A61AB00AAA859 /* Debug */,
				20FAC2A22E9A61AB00AAA859 /* Release */,
			);
			defaultConfigurationIsVisible = 0;
			defaultConfigurationName = Release;
		};
		20FAC2A32E9A61AB00AAA859 /* Build configuration list for PBXNativeTarget "MurderMysteryTimerUITests" */ = {
			isa = XCConfigurationList;
			buildConfigurations = (
				20FAC2A42E9A61AB00AAA859 /* Debug */,
				20FAC2A52E9A61AB00AAA859 /* Release */,
			);
			defaultConfigurationIsVisible = 0;
			defaultConfigurationName = Release;
		};
/* End XCConfigurationList section */
	};
	rootObject = 20FAC2742E9A61A900AAA859 /* Project object */;
}
